<?xml version="1.0" encoding="utf-8"?>
<Project ToolsVersion="4.0" xmlns="http://schemas.microsoft.com/developer/msbuild/2003">
  <ItemGroup>
    <Filter Include="src">
      <UniqueIdentifier>{2DAB880B-99B4-887C-2230-9F7C8E38947C}</UniqueIdentifier>
    </Filter>
    <Filter Include="src\Siho">
      <UniqueIdentifier>{EF7E25CF-DB4B-80DA-0465-6E82F090B568}</UniqueIdentifier>
    </Filter>
    <Filter Include="src\Siho\Core">
      <UniqueIdentifier>{A7503E29-1311-BA5F-DC4B-03DD48CBFE3B}</UniqueIdentifier>
    </Filter>
    <Filter Include="src\Siho\Events">
      <UniqueIdentifier>{F3273777-5FB3-A43B-68C4-2730D4CE003C}</UniqueIdentifier>
    </Filter>
    <Filter Include="src\Siho\ImGui">
      <UniqueIdentifier>{592B7351-45F9-6657-2E8D-D77D1AFA42BC}</UniqueIdentifier>
    </Filter>
    <Filter Include="src\Siho\Platform">
      <UniqueIdentifier>{23F8BE3D-8F0E-BDD3-D885-48F544DB8D5B}</UniqueIdentifier>
    </Filter>
    <Filter Include="src\Siho\Platform\Vulkan">
      <UniqueIdentifier>{432047A2-2F45-9622-5890-7BB244149540}</UniqueIdentifier>
    </Filter>
    <Filter Include="src\Siho\Platform\Vulkan\ShaderCompiler">
      <UniqueIdentifier>{C4FFBD80-308F-7F6B-398B-6083A599BA77}</UniqueIdentifier>
    </Filter>
    <Filter Include="src\Siho\Platform\Vulkan\ShaderCompiler\ShaderPreprocessing">
      <UniqueIdentifier>{AECAC633-1A88-6F6A-A352-5BD20F0FE2BE}</UniqueIdentifier>
    </Filter>
    <Filter Include="src\Siho\Platform\Windows">
      <UniqueIdentifier>{5D15481C-C9D7-7BA6-1288-0A337E895484}</UniqueIdentifier>
    </Filter>
    <Filter Include="src\Siho\Renderer">
      <UniqueIdentifier>{75FF9B18-E115-9AAE-2A8D-25D096E26A36}</UniqueIdentifier>
    </Filter>
    <Filter Include="src\Siho\Utilities">
      <UniqueIdentifier>{1A5A7CF3-063E-3D49-6F9E-379C5BA127CB}</UniqueIdentifier>
    </Filter>
    <Filter Include="vendor">
      <UniqueIdentifier>{B3738122-9F15-ACF8-88D0-BF4C74113349}</UniqueIdentifier>
    </Filter>
    <Filter Include="vendor\VulkanMemoryAllocator">
      <UniqueIdentifier>{CD0FE8DE-B9CA-D78A-6282-50D54E1C221B}</UniqueIdentifier>
    </Filter>
  </ItemGroup>
  <ItemGroup>
    <ClInclude Include="src\Siho.h">
      <Filter>src</Filter>
    </ClInclude>
    <ClInclude Include="src\Siho\Core\Application.h">
      <Filter>src\Siho\Core</Filter>
    </ClInclude>
    <ClInclude Include="src\Siho\Core\Base.h">
      <Filter>src\Siho\Core</Filter>
    </ClInclude>
    <ClInclude Include="src\Siho\Core\Buffer.h">
      <Filter>src\Siho\Core</Filter>
    </ClInclude>
    <ClInclude Include="src\Siho\Core\EntryPoint.h">
      <Filter>src\Siho\Core</Filter>
    </ClInclude>
    <ClInclude Include="src\Siho\Core\Hash.h">
      <Filter>src\Siho\Core</Filter>
    </ClInclude>
    <ClInclude Include="src\Siho\Core\Input.h">
      <Filter>src\Siho\Core</Filter>
    </ClInclude>
    <ClInclude Include="src\Siho\Core\KeyCodes.h">
      <Filter>src\Siho\Core</Filter>
    </ClInclude>
    <ClInclude Include="src\Siho\Core\Layer.h">
      <Filter>src\Siho\Core</Filter>
    </ClInclude>
    <ClInclude Include="src\Siho\Core\LayerStack.h">
      <Filter>src\Siho\Core</Filter>
    </ClInclude>
    <ClInclude Include="src\Siho\Core\Log.h">
      <Filter>src\Siho\Core</Filter>
    </ClInclude>
    <ClInclude Include="src\Siho\Core\Memory.h">
      <Filter>src\Siho\Core</Filter>
    </ClInclude>
    <ClInclude Include="src\Siho\Core\MouseButtonCodes.h">
      <Filter>src\Siho\Core</Filter>
    </ClInclude>
    <ClInclude Include="src\Siho\Core\Ref.h">
      <Filter>src\Siho\Core</Filter>
    </ClInclude>
    <ClInclude Include="src\Siho\Core\Window.h">
      <Filter>src\Siho\Core</Filter>
    </ClInclude>
    <ClInclude Include="src\Siho\Events\ApplicationEvent.h">
      <Filter>src\Siho\Events</Filter>
    </ClInclude>
    <ClInclude Include="src\Siho\Events\Event.h">
      <Filter>src\Siho\Events</Filter>
    </ClInclude>
    <ClInclude Include="src\Siho\Events\KeyEvent.h">
      <Filter>src\Siho\Events</Filter>
    </ClInclude>
    <ClInclude Include="src\Siho\Events\MouseEvent.h">
      <Filter>src\Siho\Events</Filter>
    </ClInclude>
    <ClInclude Include="src\Siho\ImGui\ImguiLayer.h">
      <Filter>src\Siho\ImGui</Filter>
    </ClInclude>
    <ClInclude Include="src\Siho\Platform\Vulkan\ShaderCompiler\ShaderPreprocessing\GlslIncluder.h">
      <Filter>src\Siho\Platform\Vulkan\ShaderCompiler\ShaderPreprocessing</Filter>
    </ClInclude>
    <ClInclude Include="src\Siho\Platform\Vulkan\ShaderCompiler\ShaderPreprocessing\ShaderPreprocessor.h">
      <Filter>src\Siho\Platform\Vulkan\ShaderCompiler\ShaderPreprocessing</Filter>
    </ClInclude>
    <ClInclude Include="src\Siho\Platform\Vulkan\ShaderCompiler\VulkanShaderCache.h">
      <Filter>src\Siho\Platform\Vulkan\ShaderCompiler</Filter>
    </ClInclude>
    <ClInclude Include="src\Siho\Platform\Vulkan\ShaderCompiler\VulkanShaderCompiler.h">
      <Filter>src\Siho\Platform\Vulkan\ShaderCompiler</Filter>
    </ClInclude>
    <ClInclude Include="src\Siho\Platform\Vulkan\Vulkan.h">
      <Filter>src\Siho\Platform\Vulkan</Filter>
    </ClInclude>
    <ClInclude Include="src\Siho\Platform\Vulkan\VulkanAllocator.h">
      <Filter>src\Siho\Platform\Vulkan</Filter>
    </ClInclude>
    <ClInclude Include="src\Siho\Platform\Vulkan\VulkanContext.h">
      <Filter>src\Siho\Platform\Vulkan</Filter>
    </ClInclude>
    <ClInclude Include="src\Siho\Platform\Vulkan\VulkanDevice.h">
      <Filter>src\Siho\Platform\Vulkan</Filter>
    </ClInclude>
    <ClInclude Include="src\Siho\Platform\Vulkan\VulkanImGuiLayer.h">
      <Filter>src\Siho\Platform\Vulkan</Filter>
    </ClInclude>
    <ClInclude Include="src\Siho\Platform\Vulkan\VulkanPipeline.h">
      <Filter>src\Siho\Platform\Vulkan</Filter>
    </ClInclude>
    <ClInclude Include="src\Siho\Platform\Vulkan\VulkanRenderer.h">
      <Filter>src\Siho\Platform\Vulkan</Filter>
    </ClInclude>
    <ClInclude Include="src\Siho\Platform\Vulkan\VulkanShader.h">
      <Filter>src\Siho\Platform\Vulkan</Filter>
    </ClInclude>
    <ClInclude Include="src\Siho\Platform\Vulkan\VulkanShaderUtils.h">
      <Filter>src\Siho\Platform\Vulkan</Filter>
    </ClInclude>
    <ClInclude Include="src\Siho\Platform\Vulkan\VulkanSwapChain.h">
      <Filter>src\Siho\Platform\Vulkan</Filter>
    </ClInclude>
    <ClInclude Include="src\Siho\Platform\Vulkan\VulkanVertexBuffer.h">
      <Filter>src\Siho\Platform\Vulkan</Filter>
    </ClInclude>
    <ClInclude Include="src\Siho\Platform\Windows\WindowsInput.h">
      <Filter>src\Siho\Platform\Windows</Filter>
    </ClInclude>
    <ClInclude Include="src\Siho\Platform\Windows\WindowsWindow.h">
      <Filter>src\Siho\Platform\Windows</Filter>
    </ClInclude>
    <ClInclude Include="src\Siho\Renderer\Pipeline.h">
      <Filter>src\Siho\Renderer</Filter>
    </ClInclude>
    <ClInclude Include="src\Siho\Renderer\RenderCommandQueue.h">
      <Filter>src\Siho\Renderer</Filter>
    </ClInclude>
    <ClInclude Include="src\Siho\Renderer\Renderer.h">
      <Filter>src\Siho\Renderer</Filter>
    </ClInclude>
    <ClInclude Include="src\Siho\Renderer\RendererAPI.h">
      <Filter>src\Siho\Renderer</Filter>
    </ClInclude>
    <ClInclude Include="src\Siho\Renderer\RendererConfig.h">
      <Filter>src\Siho\Renderer</Filter>
    </ClInclude>
    <ClInclude Include="src\Siho\Renderer\RendererContext.h">
      <Filter>src\Siho\Renderer</Filter>
    </ClInclude>
    <ClInclude Include="src\Siho\Renderer\Shader.h">
      <Filter>src\Siho\Renderer</Filter>
    </ClInclude>
    <ClInclude Include="src\Siho\Renderer\ShaderPack.h">
      <Filter>src\Siho\Renderer</Filter>
    </ClInclude>
    <ClInclude Include="src\Siho\Renderer\VertexBuffer.h">
      <Filter>src\Siho\Renderer</Filter>
    </ClInclude>
    <ClInclude Include="src\Siho\Utilities\StringUtils.h">
      <Filter>src\Siho\Utilities</Filter>
    </ClInclude>
    <ClInclude Include="src\shpch.h">
      <Filter>src</Filter>
    </ClInclude>
    <ClInclude Include="vendor\VulkanMemoryAllocator\vk_mem_alloc.h">
      <Filter>vendor\VulkanMemoryAllocator</Filter>
    </ClInclude>
  </ItemGroup>
  <ItemGroup>
    <ClCompile Include="src\Siho\Core\Application.cpp">
      <Filter>src\Siho\Core</Filter>
    </ClCompile>
    <ClCompile Include="src\Siho\Core\Layer.cpp">
      <Filter>src\Siho\Core</Filter>
    </ClCompile>
    <ClCompile Include="src\Siho\Core\LayerStack.cpp">
      <Filter>src\Siho\Core</Filter>
    </ClCompile>
    <ClCompile Include="src\Siho\Core\Log.cpp">
      <Filter>src\Siho\Core</Filter>
    </ClCompile>
    <ClCompile Include="src\Siho\ImGui\ImGuiBuild.cpp">
      <Filter>src\Siho\ImGui</Filter>
    </ClCompile>
    <ClCompile Include="src\Siho\ImGui\ImGuiLayer.cpp">
      <Filter>src\Siho\ImGui</Filter>
    </ClCompile>
    <ClCompile Include="src\Siho\Platform\Vulkan\ShaderCompiler\ShaderPreprocessing\GlslIncluder.cpp">
      <Filter>src\Siho\Platform\Vulkan\ShaderCompiler\ShaderPreprocessing</Filter>
    </ClCompile>
    <ClCompile Include="src\Siho\Platform\Vulkan\ShaderCompiler\VulkanShaderCache.cpp">
      <Filter>src\Siho\Platform\Vulkan\ShaderCompiler</Filter>
    </ClCompile>
    <ClCompile Include="src\Siho\Platform\Vulkan\ShaderCompiler\VulkanShaderCompiler.cpp">
      <Filter>src\Siho\Platform\Vulkan\ShaderCompiler</Filter>
    </ClCompile>
    <ClCompile Include="src\Siho\Platform\Vulkan\VulkanAllocator.cpp">
      <Filter>src\Siho\Platform\Vulkan</Filter>
    </ClCompile>
    <ClCompile Include="src\Siho\Platform\Vulkan\VulkanContext.cpp">
      <Filter>src\Siho\Platform\Vulkan</Filter>
    </ClCompile>
    <ClCompile Include="src\Siho\Platform\Vulkan\VulkanDevice.cpp">
      <Filter>src\Siho\Platform\Vulkan</Filter>
    </ClCompile>
    <ClCompile Include="src\Siho\Platform\Vulkan\VulkanImGuiLayer.cpp">
      <Filter>src\Siho\Platform\Vulkan</Filter>
    </ClCompile>
    <ClCompile Include="src\Siho\Platform\Vulkan\VulkanPipeline.cpp">
      <Filter>src\Siho\Platform\Vulkan</Filter>
    </ClCompile>
    <ClCompile Include="src\Siho\Platform\Vulkan\VulkanRenderer.cpp">
      <Filter>src\Siho\Platform\Vulkan</Filter>
    </ClCompile>
    <ClCompile Include="src\Siho\Platform\Vulkan\VulkanShader.cpp">
      <Filter>src\Siho\Platform\Vulkan</Filter>
    </ClCompile>
    <ClCompile Include="src\Siho\Platform\Vulkan\VulkanSwapChain.cpp">
      <Filter>src\Siho\Platform\Vulkan</Filter>
    </ClCompile>
    <ClCompile Include="src\Siho\Platform\Vulkan\VulkanVertexBuffer.cpp">
      <Filter>src\Siho\Platform\Vulkan</Filter>
    </ClCompile>
    <ClCompile Include="src\Siho\Platform\Windows\WindowsInput.cpp">
      <Filter>src\Siho\Platform\Windows</Filter>
    </ClCompile>
    <ClCompile Include="src\Siho\Platform\Windows\WindowsWindow.cpp">
      <Filter>src\Siho\Platform\Windows</Filter>
    </ClCompile>
    <ClCompile Include="src\Siho\Renderer\RenderCommandQueue.cpp">
      <Filter>src\Siho\Renderer</Filter>
    </ClCompile>
    <ClCompile Include="src\Siho\Renderer\Renderer.cpp">
      <Filter>src\Siho\Renderer</Filter>
    </ClCompile>
    <ClCompile Include="src\Siho\Renderer\RendererContext.cpp">
      <Filter>src\Siho\Renderer</Filter>
    </ClCompile>
    <ClCompile Include="src\Siho\Renderer\Shader.cpp">
      <Filter>src\Siho\Renderer</Filter>
    </ClCompile>
    <ClCompile Include="src\Siho\Renderer\ShaderPack.cpp">
      <Filter>src\Siho\Renderer</Filter>
    </ClCompile>
    <ClCompile Include="src\Siho\Renderer\VertexBuffer.cpp">
      <Filter>src\Siho\Renderer</Filter>
    </ClCompile>
    <ClCompile Include="src\Siho\Utilities\StringUtils.cpp">
      <Filter>src\Siho\Utilities</Filter>
    </ClCompile>
    <ClCompile Include="src\shpch.cpp">
      <Filter>src</Filter>
    </ClCompile>
    <ClCompile Include="vendor\VulkanMemoryAllocator\vk_mem_alloc.cpp">
      <Filter>vendor\VulkanMemoryAllocator</Filter>
    </ClCompile>
  </ItemGroup>
</Project>