<?xml version="1.0" encoding="utf-8"?>
<Project ToolsVersion="4.0" xmlns="http://schemas.microsoft.com/developer/msbuild/2003">
  <ItemGroup>
    <Filter Include="Siho">
      <UniqueIdentifier>{785F8C7C-6496-8D0D-0D83-7310F998090F}</UniqueIdentifier>
    </Filter>
    <Filter Include="Siho\Core">
      <UniqueIdentifier>{D0EE83E9-3C59-3860-8597-E905F14016B5}</UniqueIdentifier>
    </Filter>
    <Filter Include="Siho\Events">
      <UniqueIdentifier>{5CF45C5F-C8A9-D554-519E-CF2BBD52CC58}</UniqueIdentifier>
    </Filter>
    <Filter Include="Siho\ImGui">
      <UniqueIdentifier>{A28E6C1A-8E46-AE67-F74D-87C3E3244958}</UniqueIdentifier>
    </Filter>
    <Filter Include="Siho\Platform">
      <UniqueIdentifier>{CC8289C6-3843-05FD-017E-4E7A6DFD49D9}</UniqueIdentifier>
    </Filter>
    <Filter Include="Siho\Platform\Vulkan">
      <UniqueIdentifier>{CCF20798-B881-9161-61A0-A55C4D0EA207}</UniqueIdentifier>
    </Filter>
    <Filter Include="Siho\Platform\Vulkan\ShaderCompiler">
      <UniqueIdentifier>{2DD70160-9990-6C0A-22F0-86E48EA8227A}</UniqueIdentifier>
    </Filter>
    <Filter Include="Siho\Platform\Vulkan\ShaderCompiler\ShaderPreprocessing">
      <UniqueIdentifier>{97E03E47-03C8-293D-0CB6-2BB9781CCDFF}</UniqueIdentifier>
    </Filter>
    <Filter Include="Siho\Platform\Windows">
      <UniqueIdentifier>{063923CA-72A5-DEC4-3B99-7622A7C4002D}</UniqueIdentifier>
    </Filter>
    <Filter Include="Siho\Renderer">
      <UniqueIdentifier>{1E8A66A1-8A4A-E2D7-5385-2B55BF0427B4}</UniqueIdentifier>
    </Filter>
    <Filter Include="Siho\Utilities">
      <UniqueIdentifier>{E3399895-CF07-8C9B-B89B-FCC1A4086800}</UniqueIdentifier>
    </Filter>
  </ItemGroup>
  <ItemGroup>
    <ClInclude Include="src\Siho.h" />
    <ClInclude Include="src\Siho\Application.h">
      <Filter>Siho</Filter>
    </ClInclude>
    <ClInclude Include="src\Siho\Core.h">
      <Filter>Siho</Filter>
    </ClInclude>
    <ClInclude Include="src\Siho\Core\Hash.h">
      <Filter>Siho\Core</Filter>
    </ClInclude>
    <ClInclude Include="src\Siho\Core\Ref.h">
      <Filter>Siho\Core</Filter>
    </ClInclude>
    <ClInclude Include="src\Siho\EntryPoint.h">
      <Filter>Siho</Filter>
    </ClInclude>
    <ClInclude Include="src\Siho\Events\ApplicationEvent.h">
      <Filter>Siho\Events</Filter>
    </ClInclude>
    <ClInclude Include="src\Siho\Events\Event.h">
      <Filter>Siho\Events</Filter>
    </ClInclude>
    <ClInclude Include="src\Siho\Events\KeyEvent.h">
      <Filter>Siho\Events</Filter>
    </ClInclude>
    <ClInclude Include="src\Siho\Events\MouseEvent.h">
      <Filter>Siho\Events</Filter>
    </ClInclude>
    <ClInclude Include="src\Siho\ImGui\ImguiLayer.h">
      <Filter>Siho\ImGui</Filter>
    </ClInclude>
    <ClInclude Include="src\Siho\Input.h">
      <Filter>Siho</Filter>
    </ClInclude>
    <ClInclude Include="src\Siho\KeyCodes.h">
      <Filter>Siho</Filter>
    </ClInclude>
    <ClInclude Include="src\Siho\Layer.h">
      <Filter>Siho</Filter>
    </ClInclude>
    <ClInclude Include="src\Siho\LayerStack.h">
      <Filter>Siho</Filter>
    </ClInclude>
    <ClInclude Include="src\Siho\Log.h">
      <Filter>Siho</Filter>
    </ClInclude>
    <ClInclude Include="src\Siho\MouseButtonCodes.h">
      <Filter>Siho</Filter>
    </ClInclude>
    <ClInclude Include="src\Siho\Platform\Vulkan\ShaderCompiler\ShaderPreprocessing\GlslIncluder.h">
      <Filter>Siho\Platform\Vulkan\ShaderCompiler\ShaderPreprocessing</Filter>
    </ClInclude>
    <ClInclude Include="src\Siho\Platform\Vulkan\ShaderCompiler\ShaderPreprocessing\ShaderPreprocessor.h">
      <Filter>Siho\Platform\Vulkan\ShaderCompiler\ShaderPreprocessing</Filter>
    </ClInclude>
    <ClInclude Include="src\Siho\Platform\Vulkan\ShaderCompiler\VulkanShaderCache.h">
      <Filter>Siho\Platform\Vulkan\ShaderCompiler</Filter>
    </ClInclude>
    <ClInclude Include="src\Siho\Platform\Vulkan\ShaderCompiler\VulkanShaderCompiler.h">
      <Filter>Siho\Platform\Vulkan\ShaderCompiler</Filter>
    </ClInclude>
    <ClInclude Include="src\Siho\Platform\Vulkan\Vulkan.h">
      <Filter>Siho\Platform\Vulkan</Filter>
    </ClInclude>
    <ClInclude Include="src\Siho\Platform\Vulkan\VulkanAllocator.h">
      <Filter>Siho\Platform\Vulkan</Filter>
    </ClInclude>
    <ClInclude Include="src\Siho\Platform\Vulkan\VulkanContext.h">
      <Filter>Siho\Platform\Vulkan</Filter>
    </ClInclude>
    <ClInclude Include="src\Siho\Platform\Vulkan\VulkanDevice.h">
      <Filter>Siho\Platform\Vulkan</Filter>
    </ClInclude>
    <ClInclude Include="src\Siho\Platform\Vulkan\VulkanImGuiLayer.h">
      <Filter>Siho\Platform\Vulkan</Filter>
    </ClInclude>
    <ClInclude Include="src\Siho\Platform\Vulkan\VulkanPipeline.h">
      <Filter>Siho\Platform\Vulkan</Filter>
    </ClInclude>
    <ClInclude Include="src\Siho\Platform\Vulkan\VulkanRenderer.h">
      <Filter>Siho\Platform\Vulkan</Filter>
    </ClInclude>
    <ClInclude Include="src\Siho\Platform\Vulkan\VulkanShader.h">
      <Filter>Siho\Platform\Vulkan</Filter>
    </ClInclude>
    <ClInclude Include="src\Siho\Platform\Vulkan\VulkanShaderUtils.h">
      <Filter>Siho\Platform\Vulkan</Filter>
    </ClInclude>
    <ClInclude Include="src\Siho\Platform\Vulkan\VulkanSwapChain.h">
      <Filter>Siho\Platform\Vulkan</Filter>
    </ClInclude>
    <ClInclude Include="src\Siho\Platform\Windows\WindowsInput.h">
      <Filter>Siho\Platform\Windows</Filter>
    </ClInclude>
    <ClInclude Include="src\Siho\Platform\Windows\WindowsWindow.h">
      <Filter>Siho\Platform\Windows</Filter>
    </ClInclude>
    <ClInclude Include="src\Siho\Renderer\Pipeline.h">
      <Filter>Siho\Renderer</Filter>
    </ClInclude>
    <ClInclude Include="src\Siho\Renderer\RenderCommandQueue.h">
      <Filter>Siho\Renderer</Filter>
    </ClInclude>
    <ClInclude Include="src\Siho\Renderer\Renderer.h">
      <Filter>Siho\Renderer</Filter>
    </ClInclude>
    <ClInclude Include="src\Siho\Renderer\RendererAPI.h">
      <Filter>Siho\Renderer</Filter>
    </ClInclude>
    <ClInclude Include="src\Siho\Renderer\RendererConfig.h">
      <Filter>Siho\Renderer</Filter>
    </ClInclude>
    <ClInclude Include="src\Siho\Renderer\RendererContext.h">
      <Filter>Siho\Renderer</Filter>
    </ClInclude>
    <ClInclude Include="src\Siho\Renderer\Shader.h">
      <Filter>Siho\Renderer</Filter>
    </ClInclude>
    <ClInclude Include="src\Siho\Renderer\ShaderPack.h">
      <Filter>Siho\Renderer</Filter>
    </ClInclude>
    <ClInclude Include="src\Siho\Utilities\StringUtils.h">
      <Filter>Siho\Utilities</Filter>
    </ClInclude>
    <ClInclude Include="src\Siho\Window.h">
      <Filter>Siho</Filter>
    </ClInclude>
    <ClInclude Include="src\shpch.h" />
  </ItemGroup>
  <ItemGroup>
    <ClCompile Include="src\Siho\Application.cpp">
      <Filter>Siho</Filter>
    </ClCompile>
    <ClCompile Include="src\Siho\Core\Hash.cpp">
      <Filter>Siho\Core</Filter>
    </ClCompile>
    <ClCompile Include="src\Siho\ImGui\ImGuiBuild.cpp">
      <Filter>Siho\ImGui</Filter>
    </ClCompile>
    <ClCompile Include="src\Siho\ImGui\ImGuiLayer.cpp">
      <Filter>Siho\ImGui</Filter>
    </ClCompile>
    <ClCompile Include="src\Siho\Input.cpp">
      <Filter>Siho</Filter>
    </ClCompile>
    <ClCompile Include="src\Siho\Layer.cpp">
      <Filter>Siho</Filter>
    </ClCompile>
    <ClCompile Include="src\Siho\LayerStack.cpp">
      <Filter>Siho</Filter>
    </ClCompile>
    <ClCompile Include="src\Siho\Log.cpp">
      <Filter>Siho</Filter>
    </ClCompile>
    <ClCompile Include="src\Siho\Platform\Vulkan\ShaderCompiler\ShaderPreprocessing\GlslIncluder.cpp">
      <Filter>Siho\Platform\Vulkan\ShaderCompiler\ShaderPreprocessing</Filter>
    </ClCompile>
    <ClCompile Include="src\Siho\Platform\Vulkan\ShaderCompiler\VulkanShaderCache.cpp">
      <Filter>Siho\Platform\Vulkan\ShaderCompiler</Filter>
    </ClCompile>
    <ClCompile Include="src\Siho\Platform\Vulkan\ShaderCompiler\VulkanShaderCompiler.cpp">
      <Filter>Siho\Platform\Vulkan\ShaderCompiler</Filter>
    </ClCompile>
    <ClCompile Include="src\Siho\Platform\Vulkan\VulkanAllocator.cpp">
      <Filter>Siho\Platform\Vulkan</Filter>
    </ClCompile>
    <ClCompile Include="src\Siho\Platform\Vulkan\VulkanContext.cpp">
      <Filter>Siho\Platform\Vulkan</Filter>
    </ClCompile>
    <ClCompile Include="src\Siho\Platform\Vulkan\VulkanDevice.cpp">
      <Filter>Siho\Platform\Vulkan</Filter>
    </ClCompile>
    <ClCompile Include="src\Siho\Platform\Vulkan\VulkanImGuiLayer.cpp">
      <Filter>Siho\Platform\Vulkan</Filter>
    </ClCompile>
    <ClCompile Include="src\Siho\Platform\Vulkan\VulkanPipeline.cpp">
      <Filter>Siho\Platform\Vulkan</Filter>
    </ClCompile>
    <ClCompile Include="src\Siho\Platform\Vulkan\VulkanRenderer.cpp">
      <Filter>Siho\Platform\Vulkan</Filter>
    </ClCompile>
    <ClCompile Include="src\Siho\Platform\Vulkan\VulkanShader.cpp">
      <Filter>Siho\Platform\Vulkan</Filter>
    </ClCompile>
    <ClCompile Include="src\Siho\Platform\Vulkan\VulkanSwapChain.cpp">
      <Filter>Siho\Platform\Vulkan</Filter>
    </ClCompile>
    <ClCompile Include="src\Siho\Platform\Windows\WindowsInput.cpp">
      <Filter>Siho\Platform\Windows</Filter>
    </ClCompile>
    <ClCompile Include="src\Siho\Platform\Windows\WindowsWindow.cpp">
      <Filter>Siho\Platform\Windows</Filter>
    </ClCompile>
    <ClCompile Include="src\Siho\Renderer\RenderCommandQueue.cpp">
      <Filter>Siho\Renderer</Filter>
    </ClCompile>
    <ClCompile Include="src\Siho\Renderer\Renderer.cpp">
      <Filter>Siho\Renderer</Filter>
    </ClCompile>
    <ClCompile Include="src\Siho\Renderer\RendererContext.cpp">
      <Filter>Siho\Renderer</Filter>
    </ClCompile>
    <ClCompile Include="src\Siho\Renderer\Shader.cpp">
      <Filter>Siho\Renderer</Filter>
    </ClCompile>
    <ClCompile Include="src\Siho\Renderer\ShaderPack.cpp">
      <Filter>Siho\Renderer</Filter>
    </ClCompile>
    <ClCompile Include="src\Siho\Utilities\StringUtils.cpp">
      <Filter>Siho\Utilities</Filter>
    </ClCompile>
    <ClCompile Include="src\shpch.cpp" />
  </ItemGroup>
</Project>