<?xml version="1.0" encoding="utf-8"?>
<Project ToolsVersion="4.0" xmlns="http://schemas.microsoft.com/developer/msbuild/2003">
  <ItemGroup>
    <Filter Include="Siho">
      <UniqueIdentifier>{785F8C7C-6496-8D0D-0D83-7310F998090F}</UniqueIdentifier>
    </Filter>
    <Filter Include="Siho\Events">
      <UniqueIdentifier>{5CF45C5F-C8A9-D554-519E-CF2BBD52CC58}</UniqueIdentifier>
    </Filter>
  </ItemGroup>
  <ItemGroup>
    <ClInclude Include="src\Siho.h" />
    <ClInclude Include="src\Siho\Application.h">
      <Filter>Siho</Filter>
    </ClInclude>
    <ClInclude Include="src\Siho\Core.h">
      <Filter>Siho</Filter>
    </ClInclude>
    <ClInclude Include="src\Siho\EntryPoint.h">
      <Filter>Siho</Filter>
    </ClInclude>
    <ClInclude Include="src\Siho\Events\ApplicationEvent.h">
      <Filter>Siho\Events</Filter>
    </ClInclude>
    <ClInclude Include="src\Siho\Events\Event.h">
      <Filter>Siho\Events</Filter>
    </ClInclude>
    <ClInclude Include="src\Siho\Events\KeyEvent.h">
      <Filter>Siho\Events</Filter>
    </ClInclude>
    <ClInclude Include="src\Siho\Events\MouseEvent.h">
      <Filter>Siho\Events</Filter>
    </ClInclude>
    <ClInclude Include="src\Siho\Log.h">
      <Filter>Siho</Filter>
    </ClInclude>
  </ItemGroup>
  <ItemGroup>
    <ClCompile Include="src\Siho\Application.cpp">
      <Filter>Siho</Filter>
    </ClCompile>
    <ClCompile Include="src\Siho\Log.cpp">
      <Filter>Siho</Filter>
    </ClCompile>
  </ItemGroup>
</Project>